
Microsoft Visual Studio Solution File, Format Version 12.00
# Visual Studio Version 17
VisualStudioVersion = 17.3.32901.215
MinimumVisualStudioVersion = 10.0.40219.1
Project("{9A19103F-16F7-4668-BE54-9A1E7A4F7556}") = "Entities", "Entities\Entities.csproj", "{31E8B15D-A27C-4018-9CB2-FDD30F263255}"
EndProject
Project("{FAE04EC0-301F-11D3-BF4B-00C04F79EFBC}") = "DAL", "DAL\DAL.csproj", "{1D26CA9A-BEE3-4C20-879F-51CFC56A879E}"
EndProject
Project("{FAE04EC0-301F-11D3-BF4B-00C04F79EFBC}") = "BackEnd", "BackEnd\BackEnd.csproj", "{65E730D8-8464-4766-A0D2-BFA9753EC244}"
EndProject
Global
	GlobalSection(SolutionConfigurationPlatforms) = preSolution
		Debug|Any CPU = Debug|Any CPU
		Release|Any CPU = Release|Any CPU
	EndGlobalSection
	GlobalSection(ProjectConfigurationPlatforms) = postSolution
		{31E8B15D-A27C-4018-9CB2-FDD30F263255}.Debug|Any CPU.ActiveCfg = Debug|Any CPU
		{31E8B15D-A27C-4018-9CB2-FDD30F263255}.Debug|Any CPU.Build.0 = Debug|Any CPU
		{31E8B15D-A27C-4018-9CB2-FDD30F263255}.Release|Any CPU.ActiveCfg = Release|Any CPU
		{31E8B15D-A27C-4018-9CB2-FDD30F263255}.Release|Any CPU.Build.0 = Release|Any CPU
		{1D26CA9A-BEE3-4C20-879F-51CFC56A879E}.Debug|Any CPU.ActiveCfg = Debug|Any CPU
		{1D26CA9A-BEE3-4C20-879F-51CFC56A879E}.Debug|Any CPU.Build.0 = Debug|Any CPU
		{1D26CA9A-BEE3-4C20-879F-51CFC56A879E}.Release|Any CPU.ActiveCfg = Release|Any CPU
		{1D26CA9A-BEE3-4C20-879F-51CFC56A879E}.Release|Any CPU.Build.0 = Release|Any CPU
		{65E730D8-8464-4766-A0D2-BFA9753EC244}.Debug|Any CPU.ActiveCfg = Debug|Any CPU
		{65E730D8-8464-4766-A0D2-BFA9753EC244}.Debug|Any CPU.Build.0 = Debug|Any CPU
		{65E730D8-8464-4766-A0D2-BFA9753EC244}.Release|Any CPU.ActiveCfg = Release|Any CPU
		{65E730D8-8464-4766-A0D2-BFA9753EC244}.Release|Any CPU.Build.0 = Release|Any CPU
	EndGlobalSection
	GlobalSection(SolutionProperties) = preSolution
		HideSolutionNode = FALSE
	EndGlobalSection
	GlobalSection(ExtensibilityGlobals) = postSolution
		SolutionGuid = {26787AA0-B675-4443-AB46-EC8C4153A072}
	EndGlobalSection
EndGlobal
